
Microsoft Visual Studio Solution File, Format Version 12.00
# Visual Studio 2013
VisualStudioVersion = 12.0.31101.0
MinimumVisualStudioVersion = 10.0.40219.1
Project("{FAE04EC0-301F-11D3-BF4B-00C04F79EFBC}") = "ELEXStore", "ELEXStore\ELEXStore.csproj", "{137BD2A2-25DA-469B-B59F-D72D01C05487}"
EndProject
Project("{FAE04EC0-301F-11D3-BF4B-00C04F79EFBC}") = "Data", "Data\Data.csproj", "{A117FAD5-260A-4A6D-8B55-EAD532AA4A27}"
EndProject
Global
	GlobalSection(SolutionConfigurationPlatforms) = preSolution
		Debug|Any CPU = Debug|Any CPU
		Release|Any CPU = Release|Any CPU
	EndGlobalSection
	GlobalSection(ProjectConfigurationPlatforms) = postSolution
		{137BD2A2-25DA-469B-B59F-D72D01C05487}.Debug|Any CPU.ActiveCfg = Debug|Any CPU
		{137BD2A2-25DA-469B-B59F-D72D01C05487}.Debug|Any CPU.Build.0 = Debug|Any CPU
		{137BD2A2-25DA-469B-B59F-D72D01C05487}.Release|Any CPU.ActiveCfg = Release|Any CPU
		{137BD2A2-25DA-469B-B59F-D72D01C05487}.Release|Any CPU.Build.0 = Release|Any CPU
		{A117FAD5-260A-4A6D-8B55-EAD532AA4A27}.Debug|Any CPU.ActiveCfg = Debug|Any CPU
		{A117FAD5-260A-4A6D-8B55-EAD532AA4A27}.Debug|Any CPU.Build.0 = Debug|Any CPU
		{A117FAD5-260A-4A6D-8B55-EAD532AA4A27}.Release|Any CPU.ActiveCfg = Release|Any CPU
		{A117FAD5-260A-4A6D-8B55-EAD532AA4A27}.Release|Any CPU.Build.0 = Release|Any CPU
	EndGlobalSection
	GlobalSection(SolutionProperties) = preSolution
		HideSolutionNode = FALSE
	EndGlobalSection
EndGlobal
